
Microsoft Visual Studio Solution File, Format Version 12.00
# Visual Studio Version 17
VisualStudioVersion = 17.7.34221.43
MinimumVisualStudioVersion = 10.0.40219.1
Project("{FAE04EC0-301F-11D3-BF4B-00C04F79EFBC}") = "ServerStatisticsCollectionService", "ServerStatisticsCollectionService\ServerStatisticsCollectionService.csproj", "{B016D848-9A95-417D-9B47-EEACA7BD4B3E}"
EndProject
Project("{FAE04EC0-301F-11D3-BF4B-00C04F79EFBC}") = "SignalRServer", "SignalRServer\SignalRServer.csproj", "{90407312-AE46-4A5D-955F-3A704C4BABF5}"
EndProject
Project("{FAE04EC0-301F-11D3-BF4B-00C04F79EFBC}") = "SignalRAlertConsumer", "SignalRAlertConsumer\SignalRAlertConsumer.csproj", "{8218288C-D0C0-40CC-8B5B-A7ADA934F0C0}"
EndProject
Project("{FAE04EC0-301F-11D3-BF4B-00C04F79EFBC}") = "MessageProcessingService", "MessageProcessingService\MessageProcessingService.csproj", "{96392890-CB3F-4F30-9404-67ED69C31D4B}"
EndProject
Global
	GlobalSection(SolutionConfigurationPlatforms) = preSolution
		Debug|Any CPU = Debug|Any CPU
		Release|Any CPU = Release|Any CPU
	EndGlobalSection
	GlobalSection(ProjectConfigurationPlatforms) = postSolution
		{B016D848-9A95-417D-9B47-EEACA7BD4B3E}.Debug|Any CPU.ActiveCfg = Debug|Any CPU
		{B016D848-9A95-417D-9B47-EEACA7BD4B3E}.Debug|Any CPU.Build.0 = Debug|Any CPU
		{B016D848-9A95-417D-9B47-EEACA7BD4B3E}.Release|Any CPU.ActiveCfg = Release|Any CPU
		{B016D848-9A95-417D-9B47-EEACA7BD4B3E}.Release|Any CPU.Build.0 = Release|Any CPU
		{90407312-AE46-4A5D-955F-3A704C4BABF5}.Debug|Any CPU.ActiveCfg = Debug|Any CPU
		{90407312-AE46-4A5D-955F-3A704C4BABF5}.Debug|Any CPU.Build.0 = Debug|Any CPU
		{90407312-AE46-4A5D-955F-3A704C4BABF5}.Release|Any CPU.ActiveCfg = Release|Any CPU
		{90407312-AE46-4A5D-955F-3A704C4BABF5}.Release|Any CPU.Build.0 = Release|Any CPU
		{8218288C-D0C0-40CC-8B5B-A7ADA934F0C0}.Debug|Any CPU.ActiveCfg = Debug|Any CPU
		{8218288C-D0C0-40CC-8B5B-A7ADA934F0C0}.Debug|Any CPU.Build.0 = Debug|Any CPU
		{8218288C-D0C0-40CC-8B5B-A7ADA934F0C0}.Release|Any CPU.ActiveCfg = Release|Any CPU
		{8218288C-D0C0-40CC-8B5B-A7ADA934F0C0}.Release|Any CPU.Build.0 = Release|Any CPU
		{96392890-CB3F-4F30-9404-67ED69C31D4B}.Debug|Any CPU.ActiveCfg = Debug|Any CPU
		{96392890-CB3F-4F30-9404-67ED69C31D4B}.Debug|Any CPU.Build.0 = Debug|Any CPU
		{96392890-CB3F-4F30-9404-67ED69C31D4B}.Release|Any CPU.ActiveCfg = Release|Any CPU
		{96392890-CB3F-4F30-9404-67ED69C31D4B}.Release|Any CPU.Build.0 = Release|Any CPU
	EndGlobalSection
	GlobalSection(SolutionProperties) = preSolution
		HideSolutionNode = FALSE
	EndGlobalSection
	GlobalSection(ExtensibilityGlobals) = postSolution
		SolutionGuid = {CF383597-20E1-4CDA-A5D1-A0A37B3CB2F2}
	EndGlobalSection
EndGlobal
